<?xml version="1.0" encoding="utf-8"?>
<Project ToolsVersion="4.0" xmlns="http://schemas.microsoft.com/developer/msbuild/2003">
  <ItemGroup>
    <Filter Include="Source Files">
      <UniqueIdentifier>{4FC737F1-C7A5-4376-A066-2A32D752A2FF}</UniqueIdentifier>
      <Extensions>cpp;c;cc;cxx;def;odl;idl;hpj;bat;asm;asmx</Extensions>
    </Filter>
    <Filter Include="Header Files">
      <UniqueIdentifier>{93995380-89BD-4b04-88EB-625FBE52EBFB}</UniqueIdentifier>
      <Extensions>h;hh;hpp;hxx;hm;inl;inc;xsd</Extensions>
    </Filter>
    <Filter Include="Resource Files">
      <UniqueIdentifier>{67DA6AB6-F800-4c08-8B7A-83BB121AAD01}</UniqueIdentifier>
      <Extensions>rc;ico;cur;bmp;dlg;rc2;rct;bin;rgs;gif;jpg;jpeg;jpe;resx;tiff;tif;png;wav;mfcribbon-ms</Extensions>
    </Filter>
  </ItemGroup>
  <ItemGroup>
    <ClInclude Include="olento\dFace.h">
      <Filter>Header Files</Filter>
    </ClInclude>
    <ClInclude Include="olento\dirent.h">
      <Filter>Header Files</Filter>
    </ClInclude>
    <ClInclude Include="olento\dobject.h">
      <Filter>Header Files</Filter>
    </ClInclude>
    <ClInclude Include="olento\dynamicVertex.h">
      <Filter>Header Files</Filter>
    </ClInclude>
    <ClInclude Include="olento\objloader.h">
      <Filter>Header Files</Filter>
    </ClInclude>
    <ClInclude Include="olento\objloader.hpp">
      <Filter>Header Files</Filter>
    </ClInclude>
    <ClInclude Include="olento\oBuffers.h">
      <Filter>Header Files</Filter>
    </ClInclude>
    <ClInclude Include="olento\oCamera.h">
      <Filter>Header Files</Filter>
    </ClInclude>
    <ClInclude Include="olento\oDirectory.h">
      <Filter>Header Files</Filter>
    </ClInclude>
    <ClInclude Include="olento\olento.h">
      <Filter>Header Files</Filter>
    </ClInclude>
    <ClInclude Include="olento\oLoader.h">
      <Filter>Header Files</Filter>
    </ClInclude>
    <ClInclude Include="olento\oMesh.h">
      <Filter>Header Files</Filter>
    </ClInclude>
    <ClInclude Include="olento\oMeshBundle.h">
      <Filter>Header Files</Filter>
    </ClInclude>
    <ClInclude Include="olento\oModificators.h">
      <Filter>Header Files</Filter>
    </ClInclude>
    <ClInclude Include="olento\oWindow.h">
      <Filter>Header Files</Filter>
    </ClInclude>
    <ClInclude Include="olento\shader.hpp">
      <Filter>Header Files</Filter>
    </ClInclude>
    <ClInclude Include="olento\material.h">
      <Filter>Header Files</Filter>
    </ClInclude>
    <ClInclude Include="olento\dClock.h">
      <Filter>Header Files</Filter>
    </ClInclude>
  </ItemGroup>
  <ItemGroup>
    <ClCompile Include="olento\main.cpp">
      <Filter>Source Files</Filter>
    </ClCompile>
    <ClCompile Include="olento\objloader.cpp">
      <Filter>Source Files</Filter>
    </ClCompile>
    <ClCompile Include="olento\oCamera.cpp">
      <Filter>Source Files</Filter>
    </ClCompile>
    <ClCompile Include="olento\oWindow.cpp">
      <Filter>Source Files</Filter>
    </ClCompile>
    <ClCompile Include="olento\shader.cpp">
      <Filter>Source Files</Filter>
    </ClCompile>
    <ClCompile Include="olento\material.cpp">
      <Filter>Source Files</Filter>
    </ClCompile>
    <ClCompile Include="olento\dobject.cpp">
      <Filter>Source Files</Filter>
    </ClCompile>
    <ClCompile Include="olento\oLoader.cpp">
      <Filter>Header Files</Filter>
    </ClCompile>
  </ItemGroup>
</Project>