// !$*UTF8*$!
{
	archiveVersion = 1;
	classes = {
	};
	objectVersion = 46;
	objects = {

/* Begin PBXBuildFile section */
		838C26BC1C8F3D68001FF9B7 /* OpenGL.framework in Frameworks */ = {isa = PBXBuildFile; fileRef = 838C26BB1C8F3D68001FF9B7 /* OpenGL.framework */; };
		838C26BE1C8F3D8C001FF9B7 /* GLUT.framework in Frameworks */ = {isa = PBXBuildFile; fileRef = 838C26BD1C8F3D8C001FF9B7 /* GLUT.framework */; };
		83DA591A1CBFAEFC00F267A6 /* main.cpp in Sources */ = {isa = PBXBuildFile; fileRef = 83DA59071CBFAEFC00F267A6 /* main.cpp */; };
		83DA591B1CBFAEFC00F267A6 /* objloader.cpp in Sources */ = {isa = PBXBuildFile; fileRef = 83DA59081CBFAEFC00F267A6 /* objloader.cpp */; };
		83DA591C1CBFAEFC00F267A6 /* oCamera.cpp in Sources */ = {isa = PBXBuildFile; fileRef = 83DA590C1CBFAEFC00F267A6 /* oCamera.cpp */; };
		83DA591D1CBFAEFC00F267A6 /* oWindow.cpp in Sources */ = {isa = PBXBuildFile; fileRef = 83DA59141CBFAEFC00F267A6 /* oWindow.cpp */; };
		83DA591E1CBFAEFC00F267A6 /* shader.cpp in Sources */ = {isa = PBXBuildFile; fileRef = 83DA59161CBFAEFC00F267A6 /* shader.cpp */; };
		83DA59221CBFB54600F267A6 /* resources in Copy Files */ = {isa = PBXBuildFile; fileRef = 83DA59211CBFB54600F267A6 /* resources */; };
/* End PBXBuildFile section */

/* Begin PBXCopyFilesBuildPhase section */
		838C26AF1C8F3B41001FF9B7 /* Copy Files */ = {
			isa = PBXCopyFilesBuildPhase;
			buildActionMask = 2147483647;
			dstPath = "";
			dstSubfolderSpec = 7;
			files = (
				83DA59221CBFB54600F267A6 /* resources in Copy Files */,
			);
			name = "Copy Files";
			runOnlyForDeploymentPostprocessing = 1;
		};
/* End PBXCopyFilesBuildPhase section */

/* Begin PBXFileReference section */
		838C26B11C8F3B41001FF9B7 /* olento.app */ = {isa = PBXFileReference; explicitFileType = wrapper.application; includeInIndex = 0; path = olento.app; sourceTree = BUILT_PRODUCTS_DIR; };
		838C26BB1C8F3D68001FF9B7 /* OpenGL.framework */ = {isa = PBXFileReference; lastKnownFileType = wrapper.framework; name = OpenGL.framework; path = System/Library/Frameworks/OpenGL.framework; sourceTree = SDKROOT; };
		838C26BD1C8F3D8C001FF9B7 /* GLUT.framework */ = {isa = PBXFileReference; lastKnownFileType = wrapper.framework; name = GLUT.framework; path = System/Library/Frameworks/GLUT.framework; sourceTree = SDKROOT; };
		83DA59031CBFAEFC00F267A6 /* dFace.h */ = {isa = PBXFileReference; fileEncoding = 4; lastKnownFileType = sourcecode.c.h; name = dFace.h; path = olento/dFace.h; sourceTree = "<group>"; };
		83DA59051CBFAEFC00F267A6 /* dobject.h */ = {isa = PBXFileReference; fileEncoding = 4; lastKnownFileType = sourcecode.c.h; name = dobject.h; path = olento/dobject.h; sourceTree = "<group>"; };
		83DA59071CBFAEFC00F267A6 /* main.cpp */ = {isa = PBXFileReference; fileEncoding = 4; lastKnownFileType = sourcecode.cpp.cpp; name = main.cpp; path = olento/main.cpp; sourceTree = "<group>"; };
		83DA59081CBFAEFC00F267A6 /* objloader.cpp */ = {isa = PBXFileReference; fileEncoding = 4; lastKnownFileType = sourcecode.cpp.cpp; name = objloader.cpp; path = olento/objloader.cpp; sourceTree = "<group>"; };
		83DA59091CBFAEFC00F267A6 /* objloader.h */ = {isa = PBXFileReference; fileEncoding = 4; lastKnownFileType = sourcecode.c.h; name = objloader.h; path = olento/objloader.h; sourceTree = "<group>"; };
		83DA590A1CBFAEFC00F267A6 /* objloader.hpp */ = {isa = PBXFileReference; fileEncoding = 4; lastKnownFileType = sourcecode.cpp.h; name = objloader.hpp; path = olento/objloader.hpp; sourceTree = "<group>"; };
		83DA590B1CBFAEFC00F267A6 /* oBuffers.h */ = {isa = PBXFileReference; fileEncoding = 4; lastKnownFileType = sourcecode.c.h; name = oBuffers.h; path = olento/oBuffers.h; sourceTree = "<group>"; };
		83DA590C1CBFAEFC00F267A6 /* oCamera.cpp */ = {isa = PBXFileReference; fileEncoding = 4; lastKnownFileType = sourcecode.cpp.cpp; name = oCamera.cpp; path = olento/oCamera.cpp; sourceTree = "<group>"; };
		83DA590D1CBFAEFC00F267A6 /* oCamera.h */ = {isa = PBXFileReference; fileEncoding = 4; lastKnownFileType = sourcecode.c.h; name = oCamera.h; path = olento/oCamera.h; sourceTree = "<group>"; };
		83DA590E1CBFAEFC00F267A6 /* oDirectory.h */ = {isa = PBXFileReference; fileEncoding = 4; lastKnownFileType = sourcecode.c.h; name = oDirectory.h; path = olento/oDirectory.h; sourceTree = "<group>"; };
		83DA590F1CBFAEFC00F267A6 /* olento.h */ = {isa = PBXFileReference; fileEncoding = 4; lastKnownFileType = sourcecode.c.h; name = olento.h; path = olento/olento.h; sourceTree = "<group>"; };
		83DA59101CBFAEFC00F267A6 /* oLoader.h */ = {isa = PBXFileReference; fileEncoding = 4; lastKnownFileType = sourcecode.c.h; name = oLoader.h; path = olento/oLoader.h; sourceTree = "<group>"; };
		83DA59111CBFAEFC00F267A6 /* oMesh.h */ = {isa = PBXFileReference; fileEncoding = 4; lastKnownFileType = sourcecode.c.h; name = oMesh.h; path = olento/oMesh.h; sourceTree = "<group>"; };
		83DA59121CBFAEFC00F267A6 /* oMeshBundle.h */ = {isa = PBXFileReference; fileEncoding = 4; lastKnownFileType = sourcecode.c.h; name = oMeshBundle.h; path = olento/oMeshBundle.h; sourceTree = "<group>"; };
		83DA59131CBFAEFC00F267A6 /* oModificators.h */ = {isa = PBXFileReference; fileEncoding = 4; lastKnownFileType = sourcecode.c.h; name = oModificators.h; path = olento/oModificators.h; sourceTree = "<group>"; };
		83DA59141CBFAEFC00F267A6 /* oWindow.cpp */ = {isa = PBXFileReference; fileEncoding = 4; lastKnownFileType = sourcecode.cpp.cpp; name = oWindow.cpp; path = olento/oWindow.cpp; sourceTree = "<group>"; };
		83DA59151CBFAEFC00F267A6 /* oWindow.h */ = {isa = PBXFileReference; fileEncoding = 4; lastKnownFileType = sourcecode.c.h; name = oWindow.h; path = olento/oWindow.h; sourceTree = "<group>"; };
		83DA59161CBFAEFC00F267A6 /* shader.cpp */ = {isa = PBXFileReference; fileEncoding = 4; lastKnownFileType = sourcecode.cpp.cpp; name = shader.cpp; path = olento/shader.cpp; sourceTree = "<group>"; };
		83DA59171CBFAEFC00F267A6 /* shader.hpp */ = {isa = PBXFileReference; fileEncoding = 4; lastKnownFileType = sourcecode.cpp.h; name = shader.hpp; path = olento/shader.hpp; sourceTree = "<group>"; };
		83DA59181CBFAEFC00F267A6 /* SimpleTransform.fragmentshader */ = {isa = PBXFileReference; fileEncoding = 4; lastKnownFileType = text; name = SimpleTransform.fragmentshader; path = olento/SimpleTransform.fragmentshader; sourceTree = "<group>"; };
		83DA59191CBFAEFC00F267A6 /* SimpleTransform.vertexshader */ = {isa = PBXFileReference; fileEncoding = 4; lastKnownFileType = text; name = SimpleTransform.vertexshader; path = olento/SimpleTransform.vertexshader; sourceTree = "<group>"; };
		83DA59211CBFB54600F267A6 /* resources */ = {isa = PBXFileReference; lastKnownFileType = folder; name = resources; path = olento/resources; sourceTree = "<group>"; };
/* End PBXFileReference section */

/* Begin PBXFrameworksBuildPhase section */
		838C26AE1C8F3B41001FF9B7 /* Frameworks */ = {
			isa = PBXFrameworksBuildPhase;
			buildActionMask = 2147483647;
			files = (
				838C26BE1C8F3D8C001FF9B7 /* GLUT.framework in Frameworks */,
				838C26BC1C8F3D68001FF9B7 /* OpenGL.framework in Frameworks */,
			);
			runOnlyForDeploymentPostprocessing = 0;
		};
/* End PBXFrameworksBuildPhase section */

/* Begin PBXGroup section */
		838C26A81C8F3B41001FF9B7 = {
			isa = PBXGroup;
			children = (
				83DA59211CBFB54600F267A6 /* resources */,
				83DA59021CBFAEB000F267A6 /* olento */,
				838C26BD1C8F3D8C001FF9B7 /* GLUT.framework */,
				838C26BB1C8F3D68001FF9B7 /* OpenGL.framework */,
				838C26B21C8F3B41001FF9B7 /* Products */,
			);
			sourceTree = "<group>";
		};
		838C26B21C8F3B41001FF9B7 /* Products */ = {
			isa = PBXGroup;
			children = (
				838C26B11C8F3B41001FF9B7 /* olento.app */,
			);
			name = Products;
			sourceTree = "<group>";
		};
		83DA59021CBFAEB000F267A6 /* olento */ = {
			isa = PBXGroup;
			children = (
				83DA59031CBFAEFC00F267A6 /* dFace.h */,
				83DA59051CBFAEFC00F267A6 /* dobject.h */,
				83DA59071CBFAEFC00F267A6 /* main.cpp */,
				83DA59081CBFAEFC00F267A6 /* objloader.cpp */,
				83DA59091CBFAEFC00F267A6 /* objloader.h */,
				83DA590A1CBFAEFC00F267A6 /* objloader.hpp */,
				83DA590B1CBFAEFC00F267A6 /* oBuffers.h */,
				83DA590C1CBFAEFC00F267A6 /* oCamera.cpp */,
				83DA590D1CBFAEFC00F267A6 /* oCamera.h */,
				83DA590E1CBFAEFC00F267A6 /* oDirectory.h */,
				83DA590F1CBFAEFC00F267A6 /* olento.h */,
				83DA59101CBFAEFC00F267A6 /* oLoader.h */,
				83DA59111CBFAEFC00F267A6 /* oMesh.h */,
				83DA59121CBFAEFC00F267A6 /* oMeshBundle.h */,
				83DA59131CBFAEFC00F267A6 /* oModificators.h */,
				83DA59141CBFAEFC00F267A6 /* oWindow.cpp */,
				83DA59151CBFAEFC00F267A6 /* oWindow.h */,
				83DA59161CBFAEFC00F267A6 /* shader.cpp */,
				83DA59171CBFAEFC00F267A6 /* shader.hpp */,
				83DA59181CBFAEFC00F267A6 /* SimpleTransform.fragmentshader */,
				83DA59191CBFAEFC00F267A6 /* SimpleTransform.vertexshader */,
			);
			name = olento;
			sourceTree = "<group>";
		};
/* End PBXGroup section */

/* Begin PBXNativeTarget section */
		838C26B01C8F3B41001FF9B7 /* olento */ = {
			isa = PBXNativeTarget;
			buildConfigurationList = 838C26B81C8F3B41001FF9B7 /* Build configuration list for PBXNativeTarget "olento" */;
			buildPhases = (
				838C26AD1C8F3B41001FF9B7 /* Sources */,
				838C26AE1C8F3B41001FF9B7 /* Frameworks */,
				838C26AF1C8F3B41001FF9B7 /* Copy Files */,
			);
			buildRules = (
			);
			dependencies = (
			);
			name = olento;
			productName = opengltest;
			productReference = 838C26B11C8F3B41001FF9B7 /* olento.app */;
			productType = "com.apple.product-type.application";
		};
/* End PBXNativeTarget section */

/* Begin PBXProject section */
		838C26A91C8F3B41001FF9B7 /* Project object */ = {
			isa = PBXProject;
			attributes = {
				LastUpgradeCheck = 0630;
				ORGANIZATIONNAME = "Ismo Torvinen";
				TargetAttributes = {
					838C26B01C8F3B41001FF9B7 = {
						CreatedOnToolsVersion = 6.3.2;
					};
				};
			};
			buildConfigurationList = 838C26AC1C8F3B41001FF9B7 /* Build configuration list for PBXProject "opengltest" */;
			compatibilityVersion = "Xcode 3.2";
			developmentRegion = English;
			hasScannedForEncodings = 0;
			knownRegions = (
				en,
			);
			mainGroup = 838C26A81C8F3B41001FF9B7;
			productRefGroup = 838C26B21C8F3B41001FF9B7 /* Products */;
			projectDirPath = "";
			projectRoot = "";
			targets = (
				838C26B01C8F3B41001FF9B7 /* olento */,
			);
		};
/* End PBXProject section */

/* Begin PBXSourcesBuildPhase section */
		838C26AD1C8F3B41001FF9B7 /* Sources */ = {
			isa = PBXSourcesBuildPhase;
			buildActionMask = 2147483647;
			files = (
				83DA591E1CBFAEFC00F267A6 /* shader.cpp in Sources */,
				83DA591B1CBFAEFC00F267A6 /* objloader.cpp in Sources */,
				83DA591A1CBFAEFC00F267A6 /* main.cpp in Sources */,
				83DA591C1CBFAEFC00F267A6 /* oCamera.cpp in Sources */,
				83DA591D1CBFAEFC00F267A6 /* oWindow.cpp in Sources */,
			);
			runOnlyForDeploymentPostprocessing = 0;
		};
/* End PBXSourcesBuildPhase section */

/* Begin XCBuildConfiguration section */
		838C26B61C8F3B41001FF9B7 /* Debug */ = {
			isa = XCBuildConfiguration;
			buildSettings = {
				ALWAYS_SEARCH_USER_PATHS = NO;
				ARCHS = "$(ARCHS_STANDARD_32_64_BIT)";
				CLANG_CXX_LANGUAGE_STANDARD = "gnu++0x";
				CLANG_CXX_LIBRARY = "libc++";
				CLANG_ENABLE_MODULES = YES;
				CLANG_ENABLE_OBJC_ARC = YES;
				CLANG_WARN_BOOL_CONVERSION = YES;
				CLANG_WARN_CONSTANT_CONVERSION = YES;
				CLANG_WARN_DIRECT_OBJC_ISA_USAGE = YES_ERROR;
				CLANG_WARN_EMPTY_BODY = YES;
				CLANG_WARN_ENUM_CONVERSION = YES;
				CLANG_WARN_INT_CONVERSION = YES;
				CLANG_WARN_OBJC_ROOT_CLASS = YES_ERROR;
				CLANG_WARN_UNREACHABLE_CODE = YES;
				CLANG_WARN__DUPLICATE_METHOD_MATCH = YES;
				COPY_PHASE_STRIP = NO;
				ENABLE_STRICT_OBJC_MSGSEND = YES;
				GCC_C_LANGUAGE_STANDARD = gnu99;
				GCC_DYNAMIC_NO_PIC = NO;
				GCC_ENABLE_OBJC_EXCEPTIONS = YES;
				GCC_NO_COMMON_BLOCKS = YES;
				GCC_OPTIMIZATION_LEVEL = 0;
				GCC_PREPROCESSOR_DEFINITIONS = (
					"DEBUG=1",
					"$(inherited)",
				);
				GCC_SYMBOLS_PRIVATE_EXTERN = NO;
				GCC_WARN_64_TO_32_BIT_CONVERSION = YES;
				GCC_WARN_ABOUT_RETURN_TYPE = YES_ERROR;
				GCC_WARN_UNDECLARED_SELECTOR = YES;
				GCC_WARN_UNINITIALIZED_AUTOS = YES_AGGRESSIVE;
				GCC_WARN_UNUSED_FUNCTION = YES;
				GCC_WARN_UNUSED_VARIABLE = YES;
				LIBRARY_SEARCH_PATHS = (
					"/usr/local/lib/**",
					lib/,
				);
				MACOSX_DEPLOYMENT_TARGET = 10.10;
				MTL_ENABLE_DEBUG_INFO = YES;
				ONLY_ACTIVE_ARCH = YES;
				SDKROOT = macosx;
			};
			name = Debug;
		};
		838C26B71C8F3B41001FF9B7 /* Release */ = {
			isa = XCBuildConfiguration;
			buildSettings = {
				ALWAYS_SEARCH_USER_PATHS = NO;
				ARCHS = "$(ARCHS_STANDARD_32_64_BIT)";
				CLANG_CXX_LANGUAGE_STANDARD = "gnu++0x";
				CLANG_CXX_LIBRARY = "libc++";
				CLANG_ENABLE_MODULES = YES;
				CLANG_ENABLE_OBJC_ARC = YES;
				CLANG_WARN_BOOL_CONVERSION = YES;
				CLANG_WARN_CONSTANT_CONVERSION = YES;
				CLANG_WARN_DIRECT_OBJC_ISA_USAGE = YES_ERROR;
				CLANG_WARN_EMPTY_BODY = YES;
				CLANG_WARN_ENUM_CONVERSION = YES;
				CLANG_WARN_INT_CONVERSION = YES;
				CLANG_WARN_OBJC_ROOT_CLASS = YES_ERROR;
				CLANG_WARN_UNREACHABLE_CODE = YES;
				CLANG_WARN__DUPLICATE_METHOD_MATCH = YES;
				COPY_PHASE_STRIP = NO;
				DEBUG_INFORMATION_FORMAT = "dwarf-with-dsym";
				ENABLE_NS_ASSERTIONS = NO;
				ENABLE_STRICT_OBJC_MSGSEND = YES;
				GCC_C_LANGUAGE_STANDARD = gnu99;
				GCC_ENABLE_OBJC_EXCEPTIONS = YES;
				GCC_NO_COMMON_BLOCKS = YES;
				GCC_WARN_64_TO_32_BIT_CONVERSION = YES;
				GCC_WARN_ABOUT_RETURN_TYPE = YES_ERROR;
				GCC_WARN_UNDECLARED_SELECTOR = YES;
				GCC_WARN_UNINITIALIZED_AUTOS = YES_AGGRESSIVE;
				GCC_WARN_UNUSED_FUNCTION = YES;
				GCC_WARN_UNUSED_VARIABLE = YES;
				LIBRARY_SEARCH_PATHS = (
					"/usr/local/lib/**",
					lib/,
				);
				MACOSX_DEPLOYMENT_TARGET = 10.10;
				MTL_ENABLE_DEBUG_INFO = NO;
				SDKROOT = macosx;
			};
			name = Release;
		};
		838C26B91C8F3B41001FF9B7 /* Debug */ = {
			isa = XCBuildConfiguration;
			buildSettings = {
				ALWAYS_SEARCH_USER_PATHS = YES;
				FRAMEWORK_SEARCH_PATHS = (
					/Library/Frameworks,
					"$(LOCAL_LIBRARY_DIR)/Frameworks",
				);
				HEADER_SEARCH_PATHS = (
					/opt/local/include,
					/usr/include,
					/usr/local/include,
				);
				LIBRARY_SEARCH_PATHS = "/usr/local/lib/**";
				OTHER_CPLUSPLUSFLAGS = "$(OTHER_CFLAGS)";
				OTHER_LDFLAGS = (
					"-framework",
					cocoa,
					"-framework",
					SDL2,
				);
				PRODUCT_NAME = "$(TARGET_NAME)";
				USER_HEADER_SEARCH_PATHS = /Users/ismotorvinen/Documents/3d/olento/olento/include;
			};
			name = Debug;
		};
		838C26BA1C8F3B41001FF9B7 /* Release */ = {
			isa = XCBuildConfiguration;
			buildSettings = {
				ALWAYS_SEARCH_USER_PATHS = YES;
				FRAMEWORK_SEARCH_PATHS = (
					/Library/Frameworks,
					"$(LOCAL_LIBRARY_DIR)/Frameworks",
				);
				HEADER_SEARCH_PATHS = (
					/opt/local/include,
					/usr/include,
					/usr/local/include,
				);
				LIBRARY_SEARCH_PATHS = "/usr/local/lib/**";
				OTHER_CPLUSPLUSFLAGS = "$(OTHER_CFLAGS)";
				OTHER_LDFLAGS = (
					"-framework",
					cocoa,
					"-framework",
					SDL2,
				);
				PRODUCT_NAME = "$(TARGET_NAME)";
				USER_HEADER_SEARCH_PATHS = /Users/ismotorvinen/Documents/3d/olento/olento/include;
			};
			name = Release;
		};
/* End XCBuildConfiguration section */

/* Begin XCConfigurationList section */
		838C26AC1C8F3B41001FF9B7 /* Build configuration list for PBXProject "opengltest" */ = {
			isa = XCConfigurationList;
			buildConfigurations = (
				838C26B61C8F3B41001FF9B7 /* Debug */,
				838C26B71C8F3B41001FF9B7 /* Release */,
			);
			defaultConfigurationIsVisible = 0;
			defaultConfigurationName = Release;
		};
		838C26B81C8F3B41001FF9B7 /* Build configuration list for PBXNativeTarget "olento" */ = {
			isa = XCConfigurationList;
			buildConfigurations = (
				838C26B91C8F3B41001FF9B7 /* Debug */,
				838C26BA1C8F3B41001FF9B7 /* Release */,
			);
			defaultConfigurationIsVisible = 0;
			defaultConfigurationName = Release;
		};
/* End XCConfigurationList section */
	};
	rootObject = 838C26A91C8F3B41001FF9B7 /* Project object */;
}
